// !$*UTF8*$!
{
	archiveVersion = 1;
	classes = {
	};
	objectVersion = 48;
	objects = {

/* Begin PBXBuildFile section */
		627D2D19203A81D000E25155 /* AppDelegate.swift in Sources */ = {isa = PBXBuildFile; fileRef = 627D2D18203A81D000E25155 /* AppDelegate.swift */; };
		627D2D20203A81D000E25155 /* Assets.xcassets in Resources */ = {isa = PBXBuildFile; fileRef = 627D2D1F203A81D000E25155 /* Assets.xcassets */; };
		627D2D23203A81D000E25155 /* LaunchScreen.storyboard in Resources */ = {isa = PBXBuildFile; fileRef = 627D2D21203A81D000E25155 /* LaunchScreen.storyboard */; };
		627D2D2D203A82B600E25155 /* SenderTableViewCell.swift in Sources */ = {isa = PBXBuildFile; fileRef = 627D2D2C203A82B600E25155 /* SenderTableViewCell.swift */; };
		627D2D2F203A83FA00E25155 /* SenderTableViewCell.xib in Resources */ = {isa = PBXBuildFile; fileRef = 627D2D2E203A83FA00E25155 /* SenderTableViewCell.xib */; };
		627D2D31203A843300E25155 /* RecipientTableViewCell.xib in Resources */ = {isa = PBXBuildFile; fileRef = 627D2D30203A843300E25155 /* RecipientTableViewCell.xib */; };
		627D2D33203A845100E25155 /* RecipientTableViewCell.swift in Sources */ = {isa = PBXBuildFile; fileRef = 627D2D32203A845100E25155 /* RecipientTableViewCell.swift */; };
		627D2D35203A85D100E25155 /* CircularImageView.swift in Sources */ = {isa = PBXBuildFile; fileRef = 627D2D34203A85D100E25155 /* CircularImageView.swift */; };
		627D2D37203A874900E25155 /* ChatViewController.swift in Sources */ = {isa = PBXBuildFile; fileRef = 627D2D36203A874900E25155 /* ChatViewController.swift */; };
		627D2D3B203A891800E25155 /* Message.swift in Sources */ = {isa = PBXBuildFile; fileRef = 627D2D3A203A891800E25155 /* Message.swift */; };
		627D2D3D203A898B00E25155 /* Owner.swift in Sources */ = {isa = PBXBuildFile; fileRef = 627D2D3C203A898B00E25155 /* Owner.swift */; };
		627D2D3F203A8A1A00E25155 /* ChatView.xib in Resources */ = {isa = PBXBuildFile; fileRef = 627D2D3E203A8A1A00E25155 /* ChatView.xib */; };
		627D2D41203A8EF600E25155 /* MessageTableViewCell.swift in Sources */ = {isa = PBXBuildFile; fileRef = 627D2D40203A8EF600E25155 /* MessageTableViewCell.swift */; };
		629135B6203B1CD60009F61F /* ConversationTableViewCell.xib in Resources */ = {isa = PBXBuildFile; fileRef = 629135B5203B1CD60009F61F /* ConversationTableViewCell.xib */; };
		629135B8203B3F6F0009F61F /* ConversationTableViewCell.swift in Sources */ = {isa = PBXBuildFile; fileRef = 629135B7203B3F6F0009F61F /* ConversationTableViewCell.swift */; };
		629135BA203B44EA0009F61F /* User.swift in Sources */ = {isa = PBXBuildFile; fileRef = 629135B9203B44EA0009F61F /* User.swift */; };
		629135BC203B454D0009F61F /* Conversation.swift in Sources */ = {isa = PBXBuildFile; fileRef = 629135BB203B454D0009F61F /* Conversation.swift */; };
		629135BE203B485D0009F61F /* ConversationTableViewController.swift in Sources */ = {isa = PBXBuildFile; fileRef = 629135BD203B485D0009F61F /* ConversationTableViewController.swift */; };
		629135C0203B4AFB0009F61F /* MockDataGenerator.swift in Sources */ = {isa = PBXBuildFile; fileRef = 629135BF203B4AFA0009F61F /* MockDataGenerator.swift */; };
/* End PBXBuildFile section */

/* Begin PBXFileReference section */
		627D2D15203A81D000E25155 /* ChatView.app */ = {isa = PBXFileReference; explicitFileType = wrapper.application; includeInIndex = 0; path = ChatView.app; sourceTree = BUILT_PRODUCTS_DIR; };
		627D2D18203A81D000E25155 /* AppDelegate.swift */ = {isa = PBXFileReference; lastKnownFileType = sourcecode.swift; path = AppDelegate.swift; sourceTree = "<group>"; };
		627D2D1F203A81D000E25155 /* Assets.xcassets */ = {isa = PBXFileReference; lastKnownFileType = folder.assetcatalog; path = Assets.xcassets; sourceTree = "<group>"; };
		627D2D22203A81D000E25155 /* Base */ = {isa = PBXFileReference; lastKnownFileType = file.storyboard; name = Base; path = Base.lproj/LaunchScreen.storyboard; sourceTree = "<group>"; };
		627D2D24203A81D000E25155 /* Info.plist */ = {isa = PBXFileReference; lastKnownFileType = text.plist.xml; path = Info.plist; sourceTree = "<group>"; };
		627D2D2C203A82B600E25155 /* SenderTableViewCell.swift */ = {isa = PBXFileReference; lastKnownFileType = sourcecode.swift; path = SenderTableViewCell.swift; sourceTree = "<group>"; };
		627D2D2E203A83FA00E25155 /* SenderTableViewCell.xib */ = {isa = PBXFileReference; lastKnownFileType = file.xib; path = SenderTableViewCell.xib; sourceTree = "<group>"; };
		627D2D30203A843300E25155 /* RecipientTableViewCell.xib */ = {isa = PBXFileReference; lastKnownFileType = file.xib; path = RecipientTableViewCell.xib; sourceTree = "<group>"; };
		627D2D32203A845100E25155 /* RecipientTableViewCell.swift */ = {isa = PBXFileReference; lastKnownFileType = sourcecode.swift; path = RecipientTableViewCell.swift; sourceTree = "<group>"; };
		627D2D34203A85D100E25155 /* CircularImageView.swift */ = {isa = PBXFileReference; lastKnownFileType = sourcecode.swift; path = CircularImageView.swift; sourceTree = "<group>"; };
		627D2D36203A874900E25155 /* ChatViewController.swift */ = {isa = PBXFileReference; lastKnownFileType = sourcecode.swift; path = ChatViewController.swift; sourceTree = "<group>"; };
		627D2D3A203A891800E25155 /* Message.swift */ = {isa = PBXFileReference; lastKnownFileType = sourcecode.swift; path = Message.swift; sourceTree = "<group>"; };
		627D2D3C203A898B00E25155 /* Owner.swift */ = {isa = PBXFileReference; lastKnownFileType = sourcecode.swift; path = Owner.swift; sourceTree = "<group>"; };
		627D2D3E203A8A1A00E25155 /* ChatView.xib */ = {isa = PBXFileReference; lastKnownFileType = file.xib; path = ChatView.xib; sourceTree = "<group>"; };
		627D2D40203A8EF600E25155 /* MessageTableViewCell.swift */ = {isa = PBXFileReference; lastKnownFileType = sourcecode.swift; path = MessageTableViewCell.swift; sourceTree = "<group>"; };
		629135B5203B1CD60009F61F /* ConversationTableViewCell.xib */ = {isa = PBXFileReference; lastKnownFileType = file.xib; path = ConversationTableViewCell.xib; sourceTree = "<group>"; };
		629135B7203B3F6F0009F61F /* ConversationTableViewCell.swift */ = {isa = PBXFileReference; lastKnownFileType = sourcecode.swift; path = ConversationTableViewCell.swift; sourceTree = "<group>"; };
		629135B9203B44EA0009F61F /* User.swift */ = {isa = PBXFileReference; lastKnownFileType = sourcecode.swift; path = User.swift; sourceTree = "<group>"; };
		629135BB203B454D0009F61F /* Conversation.swift */ = {isa = PBXFileReference; lastKnownFileType = sourcecode.swift; path = Conversation.swift; sourceTree = "<group>"; };
		629135BD203B485D0009F61F /* ConversationTableViewController.swift */ = {isa = PBXFileReference; lastKnownFileType = sourcecode.swift; path = ConversationTableViewController.swift; sourceTree = "<group>"; };
		629135BF203B4AFA0009F61F /* MockDataGenerator.swift */ = {isa = PBXFileReference; lastKnownFileType = sourcecode.swift; path = MockDataGenerator.swift; sourceTree = "<group>"; };
/* End PBXFileReference section */

/* Begin PBXFrameworksBuildPhase section */
		627D2D12203A81D000E25155 /* Frameworks */ = {
			isa = PBXFrameworksBuildPhase;
			buildActionMask = 2147483647;
			files = (
			);
			runOnlyForDeploymentPostprocessing = 0;
		};
/* End PBXFrameworksBuildPhase section */

/* Begin PBXGroup section */
		627D2D0C203A81CF00E25155 = {
			isa = PBXGroup;
			children = (
				627D2D2B203A81FC00E25155 /* Resources */,
				627D2D2A203A81F200E25155 /* SupportFiles */,
				627D2D17203A81D000E25155 /* Sources */,
				627D2D16203A81D000E25155 /* Products */,
			);
			sourceTree = "<group>";
		};
		627D2D16203A81D000E25155 /* Products */ = {
			isa = PBXGroup;
			children = (
				627D2D15203A81D000E25155 /* ChatView.app */,
			);
			name = Products;
			sourceTree = "<group>";
		};
		627D2D17203A81D000E25155 /* Sources */ = {
			isa = PBXGroup;
			children = (
				627D2D45203A929C00E25155 /* Views */,
				627D2D44203A929300E25155 /* ViewControllers */,
				627D2D43203A928400E25155 /* Models */,
				627D2D18203A81D000E25155 /* AppDelegate.swift */,
				627D2D3C203A898B00E25155 /* Owner.swift */,
				629135BF203B4AFA0009F61F /* MockDataGenerator.swift */,
			);
			path = Sources;
			sourceTree = "<group>";
		};
		627D2D2A203A81F200E25155 /* SupportFiles */ = {
			isa = PBXGroup;
			children = (
				627D2D24203A81D000E25155 /* Info.plist */,
			);
			path = SupportFiles;
			sourceTree = "<group>";
		};
		627D2D2B203A81FC00E25155 /* Resources */ = {
			isa = PBXGroup;
			children = (
				627D2D1F203A81D000E25155 /* Assets.xcassets */,
				627D2D21203A81D000E25155 /* LaunchScreen.storyboard */,
				627D2D2E203A83FA00E25155 /* SenderTableViewCell.xib */,
				627D2D30203A843300E25155 /* RecipientTableViewCell.xib */,
				627D2D3E203A8A1A00E25155 /* ChatView.xib */,
				629135B5203B1CD60009F61F /* ConversationTableViewCell.xib */,
			);
			path = Resources;
			sourceTree = "<group>";
		};
		627D2D42203A8F2700E25155 /* TableViewCells */ = {
			isa = PBXGroup;
			children = (
				627D2D40203A8EF600E25155 /* MessageTableViewCell.swift */,
				627D2D2C203A82B600E25155 /* SenderTableViewCell.swift */,
				627D2D32203A845100E25155 /* RecipientTableViewCell.swift */,
				629135B7203B3F6F0009F61F /* ConversationTableViewCell.swift */,
			);
			path = TableViewCells;
			sourceTree = "<group>";
		};
		627D2D43203A928400E25155 /* Models */ = {
			isa = PBXGroup;
			children = (
				627D2D3A203A891800E25155 /* Message.swift */,
				629135B9203B44EA0009F61F /* User.swift */,
				629135BB203B454D0009F61F /* Conversation.swift */,
			);
			path = Models;
			sourceTree = "<group>";
		};
		627D2D44203A929300E25155 /* ViewControllers */ = {
			isa = PBXGroup;
			children = (
				627D2D36203A874900E25155 /* ChatViewController.swift */,
				629135BD203B485D0009F61F /* ConversationTableViewController.swift */,
			);
			path = ViewControllers;
			sourceTree = "<group>";
		};
		627D2D45203A929C00E25155 /* Views */ = {
			isa = PBXGroup;
			children = (
				627D2D42203A8F2700E25155 /* TableViewCells */,
				627D2D34203A85D100E25155 /* CircularImageView.swift */,
			);
			path = Views;
			sourceTree = "<group>";
		};
/* End PBXGroup section */

/* Begin PBXNativeTarget section */
		627D2D14203A81D000E25155 /* ChatView */ = {
			isa = PBXNativeTarget;
			buildConfigurationList = 627D2D27203A81D000E25155 /* Build configuration list for PBXNativeTarget "ChatView" */;
			buildPhases = (
				627D2D11203A81D000E25155 /* Sources */,
				627D2D12203A81D000E25155 /* Frameworks */,
				627D2D13203A81D000E25155 /* Resources */,
			);
			buildRules = (
			);
			dependencies = (
			);
			name = ChatView;
			productName = ChatView;
			productReference = 627D2D15203A81D000E25155 /* ChatView.app */;
			productType = "com.apple.product-type.application";
		};
/* End PBXNativeTarget section */

/* Begin PBXProject section */
		627D2D0D203A81CF00E25155 /* Project object */ = {
			isa = PBXProject;
			attributes = {
				LastSwiftUpdateCheck = 0920;
				LastUpgradeCheck = 0920;
				ORGANIZATIONNAME = "Alexis Digital";
				TargetAttributes = {
					627D2D14203A81D000E25155 = {
						CreatedOnToolsVersion = 9.2;
						ProvisioningStyle = Automatic;
					};
				};
			};
			buildConfigurationList = 627D2D10203A81CF00E25155 /* Build configuration list for PBXProject "ChatView" */;
			compatibilityVersion = "Xcode 8.0";
			developmentRegion = en;
			hasScannedForEncodings = 0;
			knownRegions = (
				en,
				Base,
			);
			mainGroup = 627D2D0C203A81CF00E25155;
			productRefGroup = 627D2D16203A81D000E25155 /* Products */;
			projectDirPath = "";
			projectRoot = "";
			targets = (
				627D2D14203A81D000E25155 /* ChatView */,
			);
		};
/* End PBXProject section */

/* Begin PBXResourcesBuildPhase section */
		627D2D13203A81D000E25155 /* Resources */ = {
			isa = PBXResourcesBuildPhase;
			buildActionMask = 2147483647;
			files = (
				629135B6203B1CD60009F61F /* ConversationTableViewCell.xib in Resources */,
				627D2D3F203A8A1A00E25155 /* ChatView.xib in Resources */,
				627D2D31203A843300E25155 /* RecipientTableViewCell.xib in Resources */,
				627D2D2F203A83FA00E25155 /* SenderTableViewCell.xib in Resources */,
				627D2D23203A81D000E25155 /* LaunchScreen.storyboard in Resources */,
				627D2D20203A81D000E25155 /* Assets.xcassets in Resources */,
			);
			runOnlyForDeploymentPostprocessing = 0;
		};
/* End PBXResourcesBuildPhase section */

/* Begin PBXSourcesBuildPhase section */
		627D2D11203A81D000E25155 /* Sources */ = {
			isa = PBXSourcesBuildPhase;
			buildActionMask = 2147483647;
			files = (
				627D2D35203A85D100E25155 /* CircularImageView.swift in Sources */,
				627D2D3D203A898B00E25155 /* Owner.swift in Sources */,
				629135BE203B485D0009F61F /* ConversationTableViewController.swift in Sources */,
				627D2D2D203A82B600E25155 /* SenderTableViewCell.swift in Sources */,
				627D2D33203A845100E25155 /* RecipientTableViewCell.swift in Sources */,
				627D2D19203A81D000E25155 /* AppDelegate.swift in Sources */,
				629135BC203B454D0009F61F /* Conversation.swift in Sources */,
				629135C0203B4AFB0009F61F /* MockDataGenerator.swift in Sources */,
				627D2D41203A8EF600E25155 /* MessageTableViewCell.swift in Sources */,
				627D2D37203A874900E25155 /* ChatViewController.swift in Sources */,
				627D2D3B203A891800E25155 /* Message.swift in Sources */,
				629135BA203B44EA0009F61F /* User.swift in Sources */,
				629135B8203B3F6F0009F61F /* ConversationTableViewCell.swift in Sources */,
			);
			runOnlyForDeploymentPostprocessing = 0;
		};
/* End PBXSourcesBuildPhase section */

/* Begin PBXVariantGroup section */
		627D2D21203A81D000E25155 /* LaunchScreen.storyboard */ = {
			isa = PBXVariantGroup;
			children = (
				627D2D22203A81D000E25155 /* Base */,
			);
			name = LaunchScreen.storyboard;
			sourceTree = "<group>";
		};
/* End PBXVariantGroup section */

/* Begin XCBuildConfiguration section */
		627D2D25203A81D000E25155 /* Debug */ = {
			isa = XCBuildConfiguration;
			buildSettings = {
				ALWAYS_SEARCH_USER_PATHS = NO;
				CLANG_ANALYZER_NONNULL = YES;
				CLANG_ANALYZER_NUMBER_OBJECT_CONVERSION = YES_AGGRESSIVE;
				CLANG_CXX_LANGUAGE_STANDARD = "gnu++14";
				CLANG_CXX_LIBRARY = "libc++";
				CLANG_ENABLE_MODULES = YES;
				CLANG_ENABLE_OBJC_ARC = YES;
				CLANG_WARN_BLOCK_CAPTURE_AUTORELEASING = YES;
				CLANG_WARN_BOOL_CONVERSION = YES;
				CLANG_WARN_COMMA = YES;
				CLANG_WARN_CONSTANT_CONVERSION = YES;
				CLANG_WARN_DIRECT_OBJC_ISA_USAGE = YES_ERROR;
				CLANG_WARN_DOCUMENTATION_COMMENTS = YES;
				CLANG_WARN_EMPTY_BODY = YES;
				CLANG_WARN_ENUM_CONVERSION = YES;
				CLANG_WARN_INFINITE_RECURSION = YES;
				CLANG_WARN_INT_CONVERSION = YES;
				CLANG_WARN_NON_LITERAL_NULL_CONVERSION = YES;
				CLANG_WARN_OBJC_LITERAL_CONVERSION = YES;
				CLANG_WARN_OBJC_ROOT_CLASS = YES_ERROR;
				CLANG_WARN_RANGE_LOOP_ANALYSIS = YES;
				CLANG_WARN_STRICT_PROTOTYPES = YES;
				CLANG_WARN_SUSPICIOUS_MOVE = YES;
				CLANG_WARN_UNGUARDED_AVAILABILITY = YES_AGGRESSIVE;
				CLANG_WARN_UNREACHABLE_CODE = YES;
				CLANG_WARN__DUPLICATE_METHOD_MATCH = YES;
				CODE_SIGN_IDENTITY = "iPhone Developer";
				COPY_PHASE_STRIP = NO;
				DEBUG_INFORMATION_FORMAT = dwarf;
				ENABLE_STRICT_OBJC_MSGSEND = YES;
				ENABLE_TESTABILITY = YES;
				GCC_C_LANGUAGE_STANDARD = gnu11;
				GCC_DYNAMIC_NO_PIC = NO;
				GCC_NO_COMMON_BLOCKS = YES;
				GCC_OPTIMIZATION_LEVEL = 0;
				GCC_PREPROCESSOR_DEFINITIONS = (
					"DEBUG=1",
					"$(inherited)",
				);
				GCC_WARN_64_TO_32_BIT_CONVERSION = YES;
				GCC_WARN_ABOUT_RETURN_TYPE = YES_ERROR;
				GCC_WARN_UNDECLARED_SELECTOR = YES;
				GCC_WARN_UNINITIALIZED_AUTOS = YES_AGGRESSIVE;
				GCC_WARN_UNUSED_FUNCTION = YES;
				GCC_WARN_UNUSED_VARIABLE = YES;
				IPHONEOS_DEPLOYMENT_TARGET = 11.2;
				MTL_ENABLE_DEBUG_INFO = YES;
				ONLY_ACTIVE_ARCH = YES;
				SDKROOT = iphoneos;
				SWIFT_ACTIVE_COMPILATION_CONDITIONS = DEBUG;
				SWIFT_OPTIMIZATION_LEVEL = "-Onone";
			};
			name = Debug;
		};
		627D2D26203A81D000E25155 /* Release */ = {
			isa = XCBuildConfiguration;
			buildSettings = {
				ALWAYS_SEARCH_USER_PATHS = NO;
				CLANG_ANALYZER_NONNULL = YES;
				CLANG_ANALYZER_NUMBER_OBJECT_CONVERSION = YES_AGGRESSIVE;
				CLANG_CXX_LANGUAGE_STANDARD = "gnu++14";
				CLANG_CXX_LIBRARY = "libc++";
				CLANG_ENABLE_MODULES = YES;
				CLANG_ENABLE_OBJC_ARC = YES;
				CLANG_WARN_BLOCK_CAPTURE_AUTORELEASING = YES;
				CLANG_WARN_BOOL_CONVERSION = YES;
				CLANG_WARN_COMMA = YES;
				CLANG_WARN_CONSTANT_CONVERSION = YES;
				CLANG_WARN_DIRECT_OBJC_ISA_USAGE = YES_ERROR;
				CLANG_WARN_DOCUMENTATION_COMMENTS = YES;
				CLANG_WARN_EMPTY_BODY = YES;
				CLANG_WARN_ENUM_CONVERSION = YES;
				CLANG_WARN_INFINITE_RECURSION = YES;
				CLANG_WARN_INT_CONVERSION = YES;
				CLANG_WARN_NON_LITERAL_NULL_CONVERSION = YES;
				CLANG_WARN_OBJC_LITERAL_CONVERSION = YES;
				CLANG_WARN_OBJC_ROOT_CLASS = YES_ERROR;
				CLANG_WARN_RANGE_LOOP_ANALYSIS = YES;
				CLANG_WARN_STRICT_PROTOTYPES = YES;
				CLANG_WARN_SUSPICIOUS_MOVE = YES;
				CLANG_WARN_UNGUARDED_AVAILABILITY = YES_AGGRESSIVE;
				CLANG_WARN_UNREACHABLE_CODE = YES;
				CLANG_WARN__DUPLICATE_METHOD_MATCH = YES;
				CODE_SIGN_IDENTITY = "iPhone Developer";
				COPY_PHASE_STRIP = NO;
				DEBUG_INFORMATION_FORMAT = "dwarf-with-dsym";
				ENABLE_NS_ASSERTIONS = NO;
				ENABLE_STRICT_OBJC_MSGSEND = YES;
				GCC_C_LANGUAGE_STANDARD = gnu11;
				GCC_NO_COMMON_BLOCKS = YES;
				GCC_WARN_64_TO_32_BIT_CONVERSION = YES;
				GCC_WARN_ABOUT_RETURN_TYPE = YES_ERROR;
				GCC_WARN_UNDECLARED_SELECTOR = YES;
				GCC_WARN_UNINITIALIZED_AUTOS = YES_AGGRESSIVE;
				GCC_WARN_UNUSED_FUNCTION = YES;
				GCC_WARN_UNUSED_VARIABLE = YES;
				IPHONEOS_DEPLOYMENT_TARGET = 11.2;
				MTL_ENABLE_DEBUG_INFO = NO;
				SDKROOT = iphoneos;
				SWIFT_OPTIMIZATION_LEVEL = "-Owholemodule";
				VALIDATE_PRODUCT = YES;
			};
			name = Release;
		};
		627D2D28203A81D000E25155 /* Debug */ = {
			isa = XCBuildConfiguration;
			buildSettings = {
				ASSETCATALOG_COMPILER_APPICON_NAME = AppIcon;
				CODE_SIGN_STYLE = Automatic;
				INFOPLIST_FILE = "$(SRCROOT)/SupportFiles/Info.plist";
				IPHONEOS_DEPLOYMENT_TARGET = 10.0;
				LD_RUNPATH_SEARCH_PATHS = "$(inherited) @executable_path/Frameworks";
				PRODUCT_BUNDLE_IDENTIFIER = com.alexisdigital.ChatView;
				PRODUCT_NAME = "$(TARGET_NAME)";
				SWIFT_VERSION = 4.0;
				TARGETED_DEVICE_FAMILY = "1,2";
			};
			name = Debug;
		};
		627D2D29203A81D000E25155 /* Release */ = {
			isa = XCBuildConfiguration;
			buildSettings = {
				ASSETCATALOG_COMPILER_APPICON_NAME = AppIcon;
				CODE_SIGN_STYLE = Automatic;
				INFOPLIST_FILE = "$(SRCROOT)/SupportFiles/Info.plist";
				IPHONEOS_DEPLOYMENT_TARGET = 10.0;
				LD_RUNPATH_SEARCH_PATHS = "$(inherited) @executable_path/Frameworks";
				PRODUCT_BUNDLE_IDENTIFIER = com.alexisdigital.ChatView;
				PRODUCT_NAME = "$(TARGET_NAME)";
				SWIFT_VERSION = 4.0;
				TARGETED_DEVICE_FAMILY = "1,2";
			};
			name = Release;
		};
/* End XCBuildConfiguration section */

/* Begin XCConfigurationList section */
		627D2D10203A81CF00E25155 /* Build configuration list for PBXProject "ChatView" */ = {
			isa = XCConfigurationList;
			buildConfigurations = (
				627D2D25203A81D000E25155 /* Debug */,
				627D2D26203A81D000E25155 /* Release */,
			);
			defaultConfigurationIsVisible = 0;
			defaultConfigurationName = Release;
		};
		627D2D27203A81D000E25155 /* Build configuration list for PBXNativeTarget "ChatView" */ = {
			isa = XCConfigurationList;
			buildConfigurations = (
				627D2D28203A81D000E25155 /* Debug */,
				627D2D29203A81D000E25155 /* Release */,
			);
			defaultConfigurationIsVisible = 0;
			defaultConfigurationName = Release;
		};
/* End XCConfigurationList section */
	};
	rootObject = 627D2D0D203A81CF00E25155 /* Project object */;
}
